
Microsoft Visual Studio Solution File, Format Version 12.00
# Visual Studio Version 16
VisualStudioVersion = 16.0.32407.337
MinimumVisualStudioVersion = 10.0.40219.1
Project("{FAE04EC0-301F-11D3-BF4B-00C04F79EFBC}") = "classical_genetic", "classical_genetic.csproj", "{367B7F8B-9952-409B-8E98-05016AD42538}"
EndProject
Global
	GlobalSection(SolutionConfigurationPlatforms) = preSolution
		Debug|Any CPU = Debug|Any CPU
		Release|Any CPU = Release|Any CPU
	EndGlobalSection
	GlobalSection(ProjectConfigurationPlatforms) = postSolution
		{367B7F8B-9952-409B-8E98-05016AD42538}.Debug|Any CPU.ActiveCfg = Debug|Any CPU
		{367B7F8B-9952-409B-8E98-05016AD42538}.Debug|Any CPU.Build.0 = Debug|Any CPU
		{367B7F8B-9952-409B-8E98-05016AD42538}.Release|Any CPU.ActiveCfg = Release|Any CPU
		{367B7F8B-9952-409B-8E98-05016AD42538}.Release|Any CPU.Build.0 = Release|Any CPU
	EndGlobalSection
	GlobalSection(SolutionProperties) = preSolution
		HideSolutionNode = FALSE
	EndGlobalSection
	GlobalSection(ExtensibilityGlobals) = postSolution
		SolutionGuid = {F511EFA2-8492-4CEF-8CEB-B71CBCF4A923}
	EndGlobalSection
EndGlobal
